
Microsoft Visual Studio Solution File, Format Version 12.00
# Visual Studio Version 17
VisualStudioVersion = 17.11.35222.181
MinimumVisualStudioVersion = 10.0.40219.1
Project("{FAE04EC0-301F-11D3-BF4B-00C04F79EFBC}") = "Test", "Test\Test.csproj", "{D0C78777-C143-446D-A5EB-298DBD9E91FE}"
EndProject
Global
	GlobalSection(SolutionConfigurationPlatforms) = preSolution
		Debug|Any CPU = Debug|Any CPU
		Release|Any CPU = Release|Any CPU
	EndGlobalSection
	GlobalSection(ProjectConfigurationPlatforms) = postSolution
		{D0C78777-C143-446D-A5EB-298DBD9E91FE}.Debug|Any CPU.ActiveCfg = Debug|Any CPU
		{D0C78777-C143-446D-A5EB-298DBD9E91FE}.Debug|Any CPU.Build.0 = Debug|Any CPU
		{D0C78777-C143-446D-A5EB-298DBD9E91FE}.Release|Any CPU.ActiveCfg = Release|Any CPU
		{D0C78777-C143-446D-A5EB-298DBD9E91FE}.Release|Any CPU.Build.0 = Release|Any CPU
	EndGlobalSection
	GlobalSection(SolutionProperties) = preSolution
		HideSolutionNode = FALSE
	EndGlobalSection
	GlobalSection(ExtensibilityGlobals) = postSolution
		SolutionGuid = {5E8D0397-521A-434A-9C05-E173615FB876}
	EndGlobalSection
EndGlobal
